
Microsoft Visual Studio Solution File, Format Version 12.00
# Visual Studio Version 17
VisualStudioVersion = 17.3.32929.385
MinimumVisualStudioVersion = 10.0.40219.1
Project("{FAE04EC0-301F-11D3-BF4B-00C04F79EFBC}") = "WebApiEscuela", "WebApiEscuela\WebApiEscuela.csproj", "{093498CD-502A-4F28-A83E-29DD3AACE10A}"
EndProject
Global
	GlobalSection(SolutionConfigurationPlatforms) = preSolution
		Debug|Any CPU = Debug|Any CPU
		Release|Any CPU = Release|Any CPU
	EndGlobalSection
	GlobalSection(ProjectConfigurationPlatforms) = postSolution
		{093498CD-502A-4F28-A83E-29DD3AACE10A}.Debug|Any CPU.ActiveCfg = Debug|Any CPU
		{093498CD-502A-4F28-A83E-29DD3AACE10A}.Debug|Any CPU.Build.0 = Debug|Any CPU
		{093498CD-502A-4F28-A83E-29DD3AACE10A}.Release|Any CPU.ActiveCfg = Release|Any CPU
		{093498CD-502A-4F28-A83E-29DD3AACE10A}.Release|Any CPU.Build.0 = Release|Any CPU
	EndGlobalSection
	GlobalSection(SolutionProperties) = preSolution
		HideSolutionNode = FALSE
	EndGlobalSection
	GlobalSection(ExtensibilityGlobals) = postSolution
		SolutionGuid = {E711CF02-ECC2-44CD-AA25-23DCC958634F}
	EndGlobalSection
EndGlobal
